
Microsoft Visual Studio Solution File, Format Version 12.00
# Visual Studio Version 16
VisualStudioVersion = 16.0.30907.101
MinimumVisualStudioVersion = 10.0.40219.1
Project("{9A19103F-16F7-4668-BE54-9A1E7A4F7556}") = "1.03", "..\2.5\1.03.csproj", "{0870D2C2-D1C6-4E96-BB22-950BCE2ACBBF}"
EndProject
Project("{9A19103F-16F7-4668-BE54-9A1E7A4F7556}") = "1.04", "..\2.5.1\1.04.csproj", "{69FA2FC9-956D-4A22-AC98-9A0A82069B6D}"
EndProject
Project("{9A19103F-16F7-4668-BE54-9A1E7A4F7556}") = "1.05", "..\2.5.2\1.05.csproj", "{01D6053B-C06C-44F0-BF0F-433D777588BC}"
EndProject
Project("{9A19103F-16F7-4668-BE54-9A1E7A4F7556}") = "1.06", "..\ConsoleApp2\1.06.csproj", "{9186B948-DC27-4150-8286-7080252EBAC8}"
EndProject
Project("{9A19103F-16F7-4668-BE54-9A1E7A4F7556}") = "1.07", "..\ConsoleApp3\1.07.csproj", "{84A0C910-DC07-4458-8F82-E6A5BA040E5E}"
EndProject
Project("{9A19103F-16F7-4668-BE54-9A1E7A4F7556}") = "1.08", "..\ConsoleApp4\1.08.csproj", "{E9A97963-7DAC-4F24-A954-CAE094B5D2F7}"
EndProject
Project("{9A19103F-16F7-4668-BE54-9A1E7A4F7556}") = "1.09", "..\ConsoleApp5\1.09.csproj", "{A81E9986-74CF-4092-BD1B-B4493E32A4FE}"
EndProject
Project("{9A19103F-16F7-4668-BE54-9A1E7A4F7556}") = "1.11", "..\ConsoleApp6\1.11.csproj", "{6A2315E1-0B8B-4D35-A3F5-0966502BA503}"
EndProject
Project("{9A19103F-16F7-4668-BE54-9A1E7A4F7556}") = "1.00", "..\ConsoleApp8\1.00.csproj", "{6C418715-9F0C-4342-8BAB-23CB8AEA95BA}"
EndProject
Project("{9A19103F-16F7-4668-BE54-9A1E7A4F7556}") = "1.14", "..\ConsoleApp9\1.14.csproj", "{AAD5A4F9-8A0E-4009-8D73-98923A970DE2}"
EndProject
Project("{9A19103F-16F7-4668-BE54-9A1E7A4F7556}") = "1.12", "..\ConsoleApp10\1.12.csproj", "{162C0AF7-7F70-422E-B6DD-80AD916C586A}"
EndProject
Project("{9A19103F-16F7-4668-BE54-9A1E7A4F7556}") = "1.02", "..\ConsoleApp13\1.02.csproj", "{29A5C53D-6CBA-4700-B4A9-9CC8559EA0A5}"
EndProject
Project("{9A19103F-16F7-4668-BE54-9A1E7A4F7556}") = "1.13", "..\ConsoleApp14\1.13.csproj", "{B1B2E9CE-7319-4962-892E-06444779FE38}"
EndProject
Project("{9A19103F-16F7-4668-BE54-9A1E7A4F7556}") = "1.15", "..\ConsoleApp15\1.15.csproj", "{899BC6B4-B98B-47D1-B34C-354D3A1FB36E}"
EndProject
Project("{9A19103F-16F7-4668-BE54-9A1E7A4F7556}") = "1.16", "..\ConsoleApp16\1.16.csproj", "{9CEC5A5C-4B4F-421C-BFE0-D83A61770F89}"
EndProject
Project("{9A19103F-16F7-4668-BE54-9A1E7A4F7556}") = "1.17", "..\ConsoleApp17\1.17.csproj", "{DDAB5967-0E91-4E0C-BC0F-65687B01F061}"
EndProject
Project("{9A19103F-16F7-4668-BE54-9A1E7A4F7556}") = "1.18", "..\ConsoleApp18\1.18.csproj", "{80E9040D-470E-4F01-AB05-DDC40988D5A5}"
EndProject
Project("{9A19103F-16F7-4668-BE54-9A1E7A4F7556}") = "1.19", "..\ConsoleApp19\1.19.csproj", "{1D32E001-12E9-4495-89B4-6779F50F2109}"
EndProject
Project("{9A19103F-16F7-4668-BE54-9A1E7A4F7556}") = "1.20", "..\ConsoleApp20\1.20.csproj", "{9708CBCE-63A4-464B-8C7E-86AFD3A39987}"
EndProject
Project("{9A19103F-16F7-4668-BE54-9A1E7A4F7556}") = "1.31", "..\ConsoleApp21\1.31.csproj", "{893B7DC8-4A19-4D86-AE35-4DEA800245CC}"
EndProject
Project("{9A19103F-16F7-4668-BE54-9A1E7A4F7556}") = "1.21", "..\ConsoleApp25\1.21.csproj", "{43D34985-7583-4B77-BB96-DFECFF9FE7B0}"
EndProject
Project("{9A19103F-16F7-4668-BE54-9A1E7A4F7556}") = "1.22", "..\ConsoleApp26\1.22.csproj", "{3CA450DC-9117-431A-ACAE-62E896B3504B}"
EndProject
Project("{9A19103F-16F7-4668-BE54-9A1E7A4F7556}") = "1.23", "..\ConsoleApp27\1.23.csproj", "{B054CA6B-60F3-44CE-BDED-C0A35BC1EE7C}"
EndProject
Project("{9A19103F-16F7-4668-BE54-9A1E7A4F7556}") = "1.24", "..\ConsoleApp28\1.24.csproj", "{C159C75C-C536-4FC9-92C1-5B1DD16396BA}"
EndProject
Project("{9A19103F-16F7-4668-BE54-9A1E7A4F7556}") = "1.25", "..\ConsoleApp29\1.25.csproj", "{BFB972C8-B9E4-4141-9290-B9E8E79F30F6}"
EndProject
Project("{9A19103F-16F7-4668-BE54-9A1E7A4F7556}") = "1.26", "..\ConsoleApp30\1.26.csproj", "{8AAEFE87-7F28-4E48-97F2-06F21D57C45B}"
EndProject
Project("{9A19103F-16F7-4668-BE54-9A1E7A4F7556}") = "1.27", "..\ConsoleApp31\1.27.csproj", "{A00DC8E7-94AC-419D-9D3B-FC77CB700E86}"
EndProject
Project("{9A19103F-16F7-4668-BE54-9A1E7A4F7556}") = "1.28", "..\ConsoleApp32\1.28.csproj", "{585E5324-9231-4FA5-9809-54F48ECF780D}"
EndProject
Project("{9A19103F-16F7-4668-BE54-9A1E7A4F7556}") = "1.29", "..\ConsoleApp33\1.29.csproj", "{C2668EF7-F700-4D09-9C04-DD19B0F69FFA}"
EndProject
Project("{9A19103F-16F7-4668-BE54-9A1E7A4F7556}") = "1.30", "..\ConsoleApp34\1.30.csproj", "{9BA71E22-35F9-4418-97C5-5A1F177B9712}"
EndProject
Project("{9A19103F-16F7-4668-BE54-9A1E7A4F7556}") = "1.33", "..\ConsoleApp35\1.33.csproj", "{474A7E4D-FF3F-4771-9F2F-1969D751C32F}"
EndProject
Project("{9A19103F-16F7-4668-BE54-9A1E7A4F7556}") = "1.34", "..\ConsoleApp36\1.34.csproj", "{A4FBBD77-DF6B-49B3-B8D5-E2D21332204E}"
EndProject
Project("{9A19103F-16F7-4668-BE54-9A1E7A4F7556}") = "1.35", "..\ConsoleApp37\1.35.csproj", "{C0B06D53-7DAF-4543-8A5D-2DA40A078681}"
EndProject
Project("{9A19103F-16F7-4668-BE54-9A1E7A4F7556}") = "1.32", "..\ConsoleApp38\1.32.csproj", "{1EED5E72-61DD-487F-ADC1-1ED743BAADAE}"
EndProject
Project("{9A19103F-16F7-4668-BE54-9A1E7A4F7556}") = "1.36", "..\ConsoleApp39\1.36.csproj", "{171C771C-77DE-43B6-B4BE-9FF7C563D3FF}"
EndProject
Project("{9A19103F-16F7-4668-BE54-9A1E7A4F7556}") = "1.38", "..\ConsoleApp40\1.38.csproj", "{D624D118-8143-4866-9AEA-13045E9004C0}"
EndProject
Project("{9A19103F-16F7-4668-BE54-9A1E7A4F7556}") = "1.39", "..\ConsoleApp41\1.39.csproj", "{160E05BC-248C-4E2B-B249-24E3AF72F336}"
EndProject
Project("{9A19103F-16F7-4668-BE54-9A1E7A4F7556}") = "1.40", "..\ConsoleApp42\1.40.csproj", "{0276ECD4-D1AA-44B0-86BC-AEEB00F2667E}"
EndProject
Project("{9A19103F-16F7-4668-BE54-9A1E7A4F7556}") = "1.43", "..\ConsoleApp43\1.43.csproj", "{444CC1BB-AAB0-46DE-9947-10269D374D21}"
EndProject
Project("{9A19103F-16F7-4668-BE54-9A1E7A4F7556}") = "1.01", "2.01\1.01.csproj", "{30803971-00F8-4D08-9E98-C4E36B6EA5C8}"
EndProject
Project("{9A19103F-16F7-4668-BE54-9A1E7A4F7556}") = "1.41", "11\1.41.csproj", "{023BD393-E70B-445C-928C-6C008634464C}"
EndProject
Project("{9A19103F-16F7-4668-BE54-9A1E7A4F7556}") = "1.42", "ConsoleApp1\1.42.csproj", "{80E547F7-467B-4941-97F2-D059789A2E7F}"
EndProject
Project("{FAE04EC0-301F-11D3-BF4B-00C04F79EFBC}") = "1.37", "ConsoleApp3\1.37.csproj", "{DD50DA1D-4D42-480F-88D4-6DE4A442565B}"
EndProject
Global
	GlobalSection(SolutionConfigurationPlatforms) = preSolution
		Debug|Any CPU = Debug|Any CPU
		Release|Any CPU = Release|Any CPU
	EndGlobalSection
	GlobalSection(ProjectConfigurationPlatforms) = postSolution
		{0870D2C2-D1C6-4E96-BB22-950BCE2ACBBF}.Debug|Any CPU.ActiveCfg = Debug|Any CPU
		{0870D2C2-D1C6-4E96-BB22-950BCE2ACBBF}.Debug|Any CPU.Build.0 = Debug|Any CPU
		{0870D2C2-D1C6-4E96-BB22-950BCE2ACBBF}.Release|Any CPU.ActiveCfg = Release|Any CPU
		{0870D2C2-D1C6-4E96-BB22-950BCE2ACBBF}.Release|Any CPU.Build.0 = Release|Any CPU
		{69FA2FC9-956D-4A22-AC98-9A0A82069B6D}.Debug|Any CPU.ActiveCfg = Debug|Any CPU
		{69FA2FC9-956D-4A22-AC98-9A0A82069B6D}.Debug|Any CPU.Build.0 = Debug|Any CPU
		{69FA2FC9-956D-4A22-AC98-9A0A82069B6D}.Release|Any CPU.ActiveCfg = Release|Any CPU
		{69FA2FC9-956D-4A22-AC98-9A0A82069B6D}.Release|Any CPU.Build.0 = Release|Any CPU
		{01D6053B-C06C-44F0-BF0F-433D777588BC}.Debug|Any CPU.ActiveCfg = Debug|Any CPU
		{01D6053B-C06C-44F0-BF0F-433D777588BC}.Debug|Any CPU.Build.0 = Debug|Any CPU
		{01D6053B-C06C-44F0-BF0F-433D777588BC}.Release|Any CPU.ActiveCfg = Release|Any CPU
		{01D6053B-C06C-44F0-BF0F-433D777588BC}.Release|Any CPU.Build.0 = Release|Any CPU
		{9186B948-DC27-4150-8286-7080252EBAC8}.Debug|Any CPU.ActiveCfg = Debug|Any CPU
		{9186B948-DC27-4150-8286-7080252EBAC8}.Debug|Any CPU.Build.0 = Debug|Any CPU
		{9186B948-DC27-4150-8286-7080252EBAC8}.Release|Any CPU.ActiveCfg = Release|Any CPU
		{9186B948-DC27-4150-8286-7080252EBAC8}.Release|Any CPU.Build.0 = Release|Any CPU
		{84A0C910-DC07-4458-8F82-E6A5BA040E5E}.Debug|Any CPU.ActiveCfg = Debug|Any CPU
		{84A0C910-DC07-4458-8F82-E6A5BA040E5E}.Debug|Any CPU.Build.0 = Debug|Any CPU
		{84A0C910-DC07-4458-8F82-E6A5BA040E5E}.Release|Any CPU.ActiveCfg = Release|Any CPU
		{84A0C910-DC07-4458-8F82-E6A5BA040E5E}.Release|Any CPU.Build.0 = Release|Any CPU
		{E9A97963-7DAC-4F24-A954-CAE094B5D2F7}.Debug|Any CPU.ActiveCfg = Debug|Any CPU
		{E9A97963-7DAC-4F24-A954-CAE094B5D2F7}.Debug|Any CPU.Build.0 = Debug|Any CPU
		{E9A97963-7DAC-4F24-A954-CAE094B5D2F7}.Release|Any CPU.ActiveCfg = Release|Any CPU
		{E9A97963-7DAC-4F24-A954-CAE094B5D2F7}.Release|Any CPU.Build.0 = Release|Any CPU
		{A81E9986-74CF-4092-BD1B-B4493E32A4FE}.Debug|Any CPU.ActiveCfg = Debug|Any CPU
		{A81E9986-74CF-4092-BD1B-B4493E32A4FE}.Debug|Any CPU.Build.0 = Debug|Any CPU
		{A81E9986-74CF-4092-BD1B-B4493E32A4FE}.Release|Any CPU.ActiveCfg = Release|Any CPU
		{A81E9986-74CF-4092-BD1B-B4493E32A4FE}.Release|Any CPU.Build.0 = Release|Any CPU
		{6A2315E1-0B8B-4D35-A3F5-0966502BA503}.Debug|Any CPU.ActiveCfg = Debug|Any CPU
		{6A2315E1-0B8B-4D35-A3F5-0966502BA503}.Debug|Any CPU.Build.0 = Debug|Any CPU
		{6A2315E1-0B8B-4D35-A3F5-0966502BA503}.Release|Any CPU.ActiveCfg = Release|Any CPU
		{6A2315E1-0B8B-4D35-A3F5-0966502BA503}.Release|Any CPU.Build.0 = Release|Any CPU
		{6C418715-9F0C-4342-8BAB-23CB8AEA95BA}.Debug|Any CPU.ActiveCfg = Debug|Any CPU
		{6C418715-9F0C-4342-8BAB-23CB8AEA95BA}.Debug|Any CPU.Build.0 = Debug|Any CPU
		{6C418715-9F0C-4342-8BAB-23CB8AEA95BA}.Release|Any CPU.ActiveCfg = Release|Any CPU
		{6C418715-9F0C-4342-8BAB-23CB8AEA95BA}.Release|Any CPU.Build.0 = Release|Any CPU
		{AAD5A4F9-8A0E-4009-8D73-98923A970DE2}.Debug|Any CPU.ActiveCfg = Debug|Any CPU
		{AAD5A4F9-8A0E-4009-8D73-98923A970DE2}.Debug|Any CPU.Build.0 = Debug|Any CPU
		{AAD5A4F9-8A0E-4009-8D73-98923A970DE2}.Release|Any CPU.ActiveCfg = Release|Any CPU
		{AAD5A4F9-8A0E-4009-8D73-98923A970DE2}.Release|Any CPU.Build.0 = Release|Any CPU
		{162C0AF7-7F70-422E-B6DD-80AD916C586A}.Debug|Any CPU.ActiveCfg = Debug|Any CPU
		{162C0AF7-7F70-422E-B6DD-80AD916C586A}.Debug|Any CPU.Build.0 = Debug|Any CPU
		{162C0AF7-7F70-422E-B6DD-80AD916C586A}.Release|Any CPU.ActiveCfg = Release|Any CPU
		{162C0AF7-7F70-422E-B6DD-80AD916C586A}.Release|Any CPU.Build.0 = Release|Any CPU
		{29A5C53D-6CBA-4700-B4A9-9CC8559EA0A5}.Debug|Any CPU.ActiveCfg = Debug|Any CPU
		{29A5C53D-6CBA-4700-B4A9-9CC8559EA0A5}.Debug|Any CPU.Build.0 = Debug|Any CPU
		{29A5C53D-6CBA-4700-B4A9-9CC8559EA0A5}.Release|Any CPU.ActiveCfg = Release|Any CPU
		{29A5C53D-6CBA-4700-B4A9-9CC8559EA0A5}.Release|Any CPU.Build.0 = Release|Any CPU
		{B1B2E9CE-7319-4962-892E-06444779FE38}.Debug|Any CPU.ActiveCfg = Debug|Any CPU
		{B1B2E9CE-7319-4962-892E-06444779FE38}.Debug|Any CPU.Build.0 = Debug|Any CPU
		{B1B2E9CE-7319-4962-892E-06444779FE38}.Release|Any CPU.ActiveCfg = Release|Any CPU
		{B1B2E9CE-7319-4962-892E-06444779FE38}.Release|Any CPU.Build.0 = Release|Any CPU
		{899BC6B4-B98B-47D1-B34C-354D3A1FB36E}.Debug|Any CPU.ActiveCfg = Debug|Any CPU
		{899BC6B4-B98B-47D1-B34C-354D3A1FB36E}.Debug|Any CPU.Build.0 = Debug|Any CPU
		{899BC6B4-B98B-47D1-B34C-354D3A1FB36E}.Release|Any CPU.ActiveCfg = Release|Any CPU
		{899BC6B4-B98B-47D1-B34C-354D3A1FB36E}.Release|Any CPU.Build.0 = Release|Any CPU
		{9CEC5A5C-4B4F-421C-BFE0-D83A61770F89}.Debug|Any CPU.ActiveCfg = Debug|Any CPU
		{9CEC5A5C-4B4F-421C-BFE0-D83A61770F89}.Debug|Any CPU.Build.0 = Debug|Any CPU
		{9CEC5A5C-4B4F-421C-BFE0-D83A61770F89}.Release|Any CPU.ActiveCfg = Release|Any CPU
		{9CEC5A5C-4B4F-421C-BFE0-D83A61770F89}.Release|Any CPU.Build.0 = Release|Any CPU
		{DDAB5967-0E91-4E0C-BC0F-65687B01F061}.Debug|Any CPU.ActiveCfg = Debug|Any CPU
		{DDAB5967-0E91-4E0C-BC0F-65687B01F061}.Debug|Any CPU.Build.0 = Debug|Any CPU
		{DDAB5967-0E91-4E0C-BC0F-65687B01F061}.Release|Any CPU.ActiveCfg = Release|Any CPU
		{DDAB5967-0E91-4E0C-BC0F-65687B01F061}.Release|Any CPU.Build.0 = Release|Any CPU
		{80E9040D-470E-4F01-AB05-DDC40988D5A5}.Debug|Any CPU.ActiveCfg = Debug|Any CPU
		{80E9040D-470E-4F01-AB05-DDC40988D5A5}.Debug|Any CPU.Build.0 = Debug|Any CPU
		{80E9040D-470E-4F01-AB05-DDC40988D5A5}.Release|Any CPU.ActiveCfg = Release|Any CPU
		{80E9040D-470E-4F01-AB05-DDC40988D5A5}.Release|Any CPU.Build.0 = Release|Any CPU
		{1D32E001-12E9-4495-89B4-6779F50F2109}.Debug|Any CPU.ActiveCfg = Debug|Any CPU
		{1D32E001-12E9-4495-89B4-6779F50F2109}.Debug|Any CPU.Build.0 = Debug|Any CPU
		{1D32E001-12E9-4495-89B4-6779F50F2109}.Release|Any CPU.ActiveCfg = Release|Any CPU
		{1D32E001-12E9-4495-89B4-6779F50F2109}.Release|Any CPU.Build.0 = Release|Any CPU
		{9708CBCE-63A4-464B-8C7E-86AFD3A39987}.Debug|Any CPU.ActiveCfg = Debug|Any CPU
		{9708CBCE-63A4-464B-8C7E-86AFD3A39987}.Debug|Any CPU.Build.0 = Debug|Any CPU
		{9708CBCE-63A4-464B-8C7E-86AFD3A39987}.Release|Any CPU.ActiveCfg = Release|Any CPU
		{9708CBCE-63A4-464B-8C7E-86AFD3A39987}.Release|Any CPU.Build.0 = Release|Any CPU
		{893B7DC8-4A19-4D86-AE35-4DEA800245CC}.Debug|Any CPU.ActiveCfg = Debug|Any CPU
		{893B7DC8-4A19-4D86-AE35-4DEA800245CC}.Debug|Any CPU.Build.0 = Debug|Any CPU
		{893B7DC8-4A19-4D86-AE35-4DEA800245CC}.Release|Any CPU.ActiveCfg = Release|Any CPU
		{893B7DC8-4A19-4D86-AE35-4DEA800245CC}.Release|Any CPU.Build.0 = Release|Any CPU
		{43D34985-7583-4B77-BB96-DFECFF9FE7B0}.Debug|Any CPU.ActiveCfg = Debug|Any CPU
		{43D34985-7583-4B77-BB96-DFECFF9FE7B0}.Debug|Any CPU.Build.0 = Debug|Any CPU
		{43D34985-7583-4B77-BB96-DFECFF9FE7B0}.Release|Any CPU.ActiveCfg = Release|Any CPU
		{43D34985-7583-4B77-BB96-DFECFF9FE7B0}.Release|Any CPU.Build.0 = Release|Any CPU
		{3CA450DC-9117-431A-ACAE-62E896B3504B}.Debug|Any CPU.ActiveCfg = Debug|Any CPU
		{3CA450DC-9117-431A-ACAE-62E896B3504B}.Debug|Any CPU.Build.0 = Debug|Any CPU
		{3CA450DC-9117-431A-ACAE-62E896B3504B}.Release|Any CPU.ActiveCfg = Release|Any CPU
		{3CA450DC-9117-431A-ACAE-62E896B3504B}.Release|Any CPU.Build.0 = Release|Any CPU
		{B054CA6B-60F3-44CE-BDED-C0A35BC1EE7C}.Debug|Any CPU.ActiveCfg = Debug|Any CPU
		{B054CA6B-60F3-44CE-BDED-C0A35BC1EE7C}.Debug|Any CPU.Build.0 = Debug|Any CPU
		{B054CA6B-60F3-44CE-BDED-C0A35BC1EE7C}.Release|Any CPU.ActiveCfg = Release|Any CPU
		{B054CA6B-60F3-44CE-BDED-C0A35BC1EE7C}.Release|Any CPU.Build.0 = Release|Any CPU
		{C159C75C-C536-4FC9-92C1-5B1DD16396BA}.Debug|Any CPU.ActiveCfg = Debug|Any CPU
		{C159C75C-C536-4FC9-92C1-5B1DD16396BA}.Debug|Any CPU.Build.0 = Debug|Any CPU
		{C159C75C-C536-4FC9-92C1-5B1DD16396BA}.Release|Any CPU.ActiveCfg = Release|Any CPU
		{C159C75C-C536-4FC9-92C1-5B1DD16396BA}.Release|Any CPU.Build.0 = Release|Any CPU
		{BFB972C8-B9E4-4141-9290-B9E8E79F30F6}.Debug|Any CPU.ActiveCfg = Debug|Any CPU
		{BFB972C8-B9E4-4141-9290-B9E8E79F30F6}.Debug|Any CPU.Build.0 = Debug|Any CPU
		{BFB972C8-B9E4-4141-9290-B9E8E79F30F6}.Release|Any CPU.ActiveCfg = Release|Any CPU
		{BFB972C8-B9E4-4141-9290-B9E8E79F30F6}.Release|Any CPU.Build.0 = Release|Any CPU
		{8AAEFE87-7F28-4E48-97F2-06F21D57C45B}.Debug|Any CPU.ActiveCfg = Debug|Any CPU
		{8AAEFE87-7F28-4E48-97F2-06F21D57C45B}.Debug|Any CPU.Build.0 = Debug|Any CPU
		{8AAEFE87-7F28-4E48-97F2-06F21D57C45B}.Release|Any CPU.ActiveCfg = Release|Any CPU
		{8AAEFE87-7F28-4E48-97F2-06F21D57C45B}.Release|Any CPU.Build.0 = Release|Any CPU
		{A00DC8E7-94AC-419D-9D3B-FC77CB700E86}.Debug|Any CPU.ActiveCfg = Debug|Any CPU
		{A00DC8E7-94AC-419D-9D3B-FC77CB700E86}.Debug|Any CPU.Build.0 = Debug|Any CPU
		{A00DC8E7-94AC-419D-9D3B-FC77CB700E86}.Release|Any CPU.ActiveCfg = Release|Any CPU
		{A00DC8E7-94AC-419D-9D3B-FC77CB700E86}.Release|Any CPU.Build.0 = Release|Any CPU
		{585E5324-9231-4FA5-9809-54F48ECF780D}.Debug|Any CPU.ActiveCfg = Debug|Any CPU
		{585E5324-9231-4FA5-9809-54F48ECF780D}.Debug|Any CPU.Build.0 = Debug|Any CPU
		{585E5324-9231-4FA5-9809-54F48ECF780D}.Release|Any CPU.ActiveCfg = Release|Any CPU
		{585E5324-9231-4FA5-9809-54F48ECF780D}.Release|Any CPU.Build.0 = Release|Any CPU
		{C2668EF7-F700-4D09-9C04-DD19B0F69FFA}.Debug|Any CPU.ActiveCfg = Debug|Any CPU
		{C2668EF7-F700-4D09-9C04-DD19B0F69FFA}.Debug|Any CPU.Build.0 = Debug|Any CPU
		{C2668EF7-F700-4D09-9C04-DD19B0F69FFA}.Release|Any CPU.ActiveCfg = Release|Any CPU
		{C2668EF7-F700-4D09-9C04-DD19B0F69FFA}.Release|Any CPU.Build.0 = Release|Any CPU
		{9BA71E22-35F9-4418-97C5-5A1F177B9712}.Debug|Any CPU.ActiveCfg = Debug|Any CPU
		{9BA71E22-35F9-4418-97C5-5A1F177B9712}.Debug|Any CPU.Build.0 = Debug|Any CPU
		{9BA71E22-35F9-4418-97C5-5A1F177B9712}.Release|Any CPU.ActiveCfg = Release|Any CPU
		{9BA71E22-35F9-4418-97C5-5A1F177B9712}.Release|Any CPU.Build.0 = Release|Any CPU
		{474A7E4D-FF3F-4771-9F2F-1969D751C32F}.Debug|Any CPU.ActiveCfg = Debug|Any CPU
		{474A7E4D-FF3F-4771-9F2F-1969D751C32F}.Debug|Any CPU.Build.0 = Debug|Any CPU
		{474A7E4D-FF3F-4771-9F2F-1969D751C32F}.Release|Any CPU.ActiveCfg = Release|Any CPU
		{474A7E4D-FF3F-4771-9F2F-1969D751C32F}.Release|Any CPU.Build.0 = Release|Any CPU
		{A4FBBD77-DF6B-49B3-B8D5-E2D21332204E}.Debug|Any CPU.ActiveCfg = Debug|Any CPU
		{A4FBBD77-DF6B-49B3-B8D5-E2D21332204E}.Debug|Any CPU.Build.0 = Debug|Any CPU
		{A4FBBD77-DF6B-49B3-B8D5-E2D21332204E}.Release|Any CPU.ActiveCfg = Release|Any CPU
		{A4FBBD77-DF6B-49B3-B8D5-E2D21332204E}.Release|Any CPU.Build.0 = Release|Any CPU
		{C0B06D53-7DAF-4543-8A5D-2DA40A078681}.Debug|Any CPU.ActiveCfg = Debug|Any CPU
		{C0B06D53-7DAF-4543-8A5D-2DA40A078681}.Debug|Any CPU.Build.0 = Debug|Any CPU
		{C0B06D53-7DAF-4543-8A5D-2DA40A078681}.Release|Any CPU.ActiveCfg = Release|Any CPU
		{C0B06D53-7DAF-4543-8A5D-2DA40A078681}.Release|Any CPU.Build.0 = Release|Any CPU
		{1EED5E72-61DD-487F-ADC1-1ED743BAADAE}.Debug|Any CPU.ActiveCfg = Debug|Any CPU
		{1EED5E72-61DD-487F-ADC1-1ED743BAADAE}.Debug|Any CPU.Build.0 = Debug|Any CPU
		{1EED5E72-61DD-487F-ADC1-1ED743BAADAE}.Release|Any CPU.ActiveCfg = Release|Any CPU
		{1EED5E72-61DD-487F-ADC1-1ED743BAADAE}.Release|Any CPU.Build.0 = Release|Any CPU
		{171C771C-77DE-43B6-B4BE-9FF7C563D3FF}.Debug|Any CPU.ActiveCfg = Debug|Any CPU
		{171C771C-77DE-43B6-B4BE-9FF7C563D3FF}.Debug|Any CPU.Build.0 = Debug|Any CPU
		{171C771C-77DE-43B6-B4BE-9FF7C563D3FF}.Release|Any CPU.ActiveCfg = Release|Any CPU
		{171C771C-77DE-43B6-B4BE-9FF7C563D3FF}.Release|Any CPU.Build.0 = Release|Any CPU
		{D624D118-8143-4866-9AEA-13045E9004C0}.Debug|Any CPU.ActiveCfg = Debug|Any CPU
		{D624D118-8143-4866-9AEA-13045E9004C0}.Debug|Any CPU.Build.0 = Debug|Any CPU
		{D624D118-8143-4866-9AEA-13045E9004C0}.Release|Any CPU.ActiveCfg = Release|Any CPU
		{D624D118-8143-4866-9AEA-13045E9004C0}.Release|Any CPU.Build.0 = Release|Any CPU
		{160E05BC-248C-4E2B-B249-24E3AF72F336}.Debug|Any CPU.ActiveCfg = Debug|Any CPU
		{160E05BC-248C-4E2B-B249-24E3AF72F336}.Debug|Any CPU.Build.0 = Debug|Any CPU
		{160E05BC-248C-4E2B-B249-24E3AF72F336}.Release|Any CPU.ActiveCfg = Release|Any CPU
		{160E05BC-248C-4E2B-B249-24E3AF72F336}.Release|Any CPU.Build.0 = Release|Any CPU
		{0276ECD4-D1AA-44B0-86BC-AEEB00F2667E}.Debug|Any CPU.ActiveCfg = Debug|Any CPU
		{0276ECD4-D1AA-44B0-86BC-AEEB00F2667E}.Debug|Any CPU.Build.0 = Debug|Any CPU
		{0276ECD4-D1AA-44B0-86BC-AEEB00F2667E}.Release|Any CPU.ActiveCfg = Release|Any CPU
		{0276ECD4-D1AA-44B0-86BC-AEEB00F2667E}.Release|Any CPU.Build.0 = Release|Any CPU
		{444CC1BB-AAB0-46DE-9947-10269D374D21}.Debug|Any CPU.ActiveCfg = Debug|Any CPU
		{444CC1BB-AAB0-46DE-9947-10269D374D21}.Debug|Any CPU.Build.0 = Debug|Any CPU
		{444CC1BB-AAB0-46DE-9947-10269D374D21}.Release|Any CPU.ActiveCfg = Release|Any CPU
		{444CC1BB-AAB0-46DE-9947-10269D374D21}.Release|Any CPU.Build.0 = Release|Any CPU
		{30803971-00F8-4D08-9E98-C4E36B6EA5C8}.Debug|Any CPU.ActiveCfg = Debug|Any CPU
		{30803971-00F8-4D08-9E98-C4E36B6EA5C8}.Debug|Any CPU.Build.0 = Debug|Any CPU
		{30803971-00F8-4D08-9E98-C4E36B6EA5C8}.Release|Any CPU.ActiveCfg = Release|Any CPU
		{30803971-00F8-4D08-9E98-C4E36B6EA5C8}.Release|Any CPU.Build.0 = Release|Any CPU
		{023BD393-E70B-445C-928C-6C008634464C}.Debug|Any CPU.ActiveCfg = Debug|Any CPU
		{023BD393-E70B-445C-928C-6C008634464C}.Debug|Any CPU.Build.0 = Debug|Any CPU
		{023BD393-E70B-445C-928C-6C008634464C}.Release|Any CPU.ActiveCfg = Release|Any CPU
		{023BD393-E70B-445C-928C-6C008634464C}.Release|Any CPU.Build.0 = Release|Any CPU
		{80E547F7-467B-4941-97F2-D059789A2E7F}.Debug|Any CPU.ActiveCfg = Debug|Any CPU
		{80E547F7-467B-4941-97F2-D059789A2E7F}.Debug|Any CPU.Build.0 = Debug|Any CPU
		{80E547F7-467B-4941-97F2-D059789A2E7F}.Release|Any CPU.ActiveCfg = Release|Any CPU
		{80E547F7-467B-4941-97F2-D059789A2E7F}.Release|Any CPU.Build.0 = Release|Any CPU
		{DD50DA1D-4D42-480F-88D4-6DE4A442565B}.Debug|Any CPU.ActiveCfg = Debug|Any CPU
		{DD50DA1D-4D42-480F-88D4-6DE4A442565B}.Debug|Any CPU.Build.0 = Debug|Any CPU
		{DD50DA1D-4D42-480F-88D4-6DE4A442565B}.Release|Any CPU.ActiveCfg = Release|Any CPU
		{DD50DA1D-4D42-480F-88D4-6DE4A442565B}.Release|Any CPU.Build.0 = Release|Any CPU
	EndGlobalSection
	GlobalSection(SolutionProperties) = preSolution
		HideSolutionNode = FALSE
	EndGlobalSection
	GlobalSection(ExtensibilityGlobals) = postSolution
		SolutionGuid = {AA8EAE17-F30F-4DA5-8222-2A906DA29729}
	EndGlobalSection
EndGlobal
